
Microsoft Visual Studio Solution File, Format Version 12.00
# Visual Studio Version 16
VisualStudioVersion = 16.0.31424.327
MinimumVisualStudioVersion = 10.0.40219.1
Project("{9A19103F-16F7-4668-BE54-9A1E7A4F7556}") = "Encontro22POO", "Encontro22POO\Encontro22POO.csproj", "{2B520B49-965D-408F-9C33-ED17F3421742}"
EndProject
Project("{FAE04EC0-301F-11D3-BF4B-00C04F79EFBC}") = "Encontro26Listas", "Encontro26Listas\Encontro26Listas.csproj", "{F8B50265-C039-4509-86F8-7979C089368A}"
EndProject
Project("{FAE04EC0-301F-11D3-BF4B-00C04F79EFBC}") = "Atacado.DAL", "Atacado.DAL\Atacado.DAL.csproj", "{A17F3555-FADD-496D-826E-DC2F409776CF}"
EndProject
Project("{FAE04EC0-301F-11D3-BF4B-00C04F79EFBC}") = "Encontro27UsandoDAL", "Encontro27UsandoDAL\Encontro27UsandoDAL.csproj", "{215D862D-F1FA-4337-B342-1D4C089E46DA}"
EndProject
Project("{FAE04EC0-301F-11D3-BF4B-00C04F79EFBC}") = "Atacado.POCO", "Atacado.POCO\Atacado.POCO.csproj", "{C2724BE4-7E01-45A8-AA14-0F851C7C488F}"
EndProject
Project("{FAE04EC0-301F-11D3-BF4B-00C04F79EFBC}") = "AtacadoRestApi", "AtacadoRestApi\AtacadoRestApi.csproj", "{0DF0BBE9-2F05-481E-91BD-C964BB2056FA}"
EndProject
Project("{2150E333-8FDC-42A3-9474-1A3956D46DE8}") = "Consoles", "Consoles", "{1E07D22A-023F-442A-9FB1-0E493A587034}"
EndProject
Project("{2150E333-8FDC-42A3-9474-1A3956D46DE8}") = "REST", "REST", "{6CAF589D-25D4-4DEB-A44E-8853D85BD401}"
EndProject
Global
	GlobalSection(SolutionConfigurationPlatforms) = preSolution
		Debug|Any CPU = Debug|Any CPU
		Release|Any CPU = Release|Any CPU
	EndGlobalSection
	GlobalSection(ProjectConfigurationPlatforms) = postSolution
		{2B520B49-965D-408F-9C33-ED17F3421742}.Debug|Any CPU.ActiveCfg = Debug|Any CPU
		{2B520B49-965D-408F-9C33-ED17F3421742}.Debug|Any CPU.Build.0 = Debug|Any CPU
		{2B520B49-965D-408F-9C33-ED17F3421742}.Release|Any CPU.ActiveCfg = Release|Any CPU
		{2B520B49-965D-408F-9C33-ED17F3421742}.Release|Any CPU.Build.0 = Release|Any CPU
		{F8B50265-C039-4509-86F8-7979C089368A}.Debug|Any CPU.ActiveCfg = Debug|Any CPU
		{F8B50265-C039-4509-86F8-7979C089368A}.Debug|Any CPU.Build.0 = Debug|Any CPU
		{F8B50265-C039-4509-86F8-7979C089368A}.Release|Any CPU.ActiveCfg = Release|Any CPU
		{F8B50265-C039-4509-86F8-7979C089368A}.Release|Any CPU.Build.0 = Release|Any CPU
		{A17F3555-FADD-496D-826E-DC2F409776CF}.Debug|Any CPU.ActiveCfg = Debug|Any CPU
		{A17F3555-FADD-496D-826E-DC2F409776CF}.Debug|Any CPU.Build.0 = Debug|Any CPU
		{A17F3555-FADD-496D-826E-DC2F409776CF}.Release|Any CPU.ActiveCfg = Release|Any CPU
		{A17F3555-FADD-496D-826E-DC2F409776CF}.Release|Any CPU.Build.0 = Release|Any CPU
		{215D862D-F1FA-4337-B342-1D4C089E46DA}.Debug|Any CPU.ActiveCfg = Debug|Any CPU
		{215D862D-F1FA-4337-B342-1D4C089E46DA}.Debug|Any CPU.Build.0 = Debug|Any CPU
		{215D862D-F1FA-4337-B342-1D4C089E46DA}.Release|Any CPU.ActiveCfg = Release|Any CPU
		{215D862D-F1FA-4337-B342-1D4C089E46DA}.Release|Any CPU.Build.0 = Release|Any CPU
		{C2724BE4-7E01-45A8-AA14-0F851C7C488F}.Debug|Any CPU.ActiveCfg = Debug|Any CPU
		{C2724BE4-7E01-45A8-AA14-0F851C7C488F}.Debug|Any CPU.Build.0 = Debug|Any CPU
		{C2724BE4-7E01-45A8-AA14-0F851C7C488F}.Release|Any CPU.ActiveCfg = Release|Any CPU
		{C2724BE4-7E01-45A8-AA14-0F851C7C488F}.Release|Any CPU.Build.0 = Release|Any CPU
		{0DF0BBE9-2F05-481E-91BD-C964BB2056FA}.Debug|Any CPU.ActiveCfg = Debug|Any CPU
		{0DF0BBE9-2F05-481E-91BD-C964BB2056FA}.Debug|Any CPU.Build.0 = Debug|Any CPU
		{0DF0BBE9-2F05-481E-91BD-C964BB2056FA}.Release|Any CPU.ActiveCfg = Release|Any CPU
		{0DF0BBE9-2F05-481E-91BD-C964BB2056FA}.Release|Any CPU.Build.0 = Release|Any CPU
	EndGlobalSection
	GlobalSection(SolutionProperties) = preSolution
		HideSolutionNode = FALSE
	EndGlobalSection
	GlobalSection(NestedProjects) = preSolution
		{2B520B49-965D-408F-9C33-ED17F3421742} = {1E07D22A-023F-442A-9FB1-0E493A587034}
		{F8B50265-C039-4509-86F8-7979C089368A} = {1E07D22A-023F-442A-9FB1-0E493A587034}
		{A17F3555-FADD-496D-826E-DC2F409776CF} = {6CAF589D-25D4-4DEB-A44E-8853D85BD401}
		{215D862D-F1FA-4337-B342-1D4C089E46DA} = {1E07D22A-023F-442A-9FB1-0E493A587034}
		{C2724BE4-7E01-45A8-AA14-0F851C7C488F} = {6CAF589D-25D4-4DEB-A44E-8853D85BD401}
		{0DF0BBE9-2F05-481E-91BD-C964BB2056FA} = {6CAF589D-25D4-4DEB-A44E-8853D85BD401}
	EndGlobalSection
	GlobalSection(ExtensibilityGlobals) = postSolution
		SolutionGuid = {1786B669-7598-4AC0-9598-CCADE65CFF2F}
	EndGlobalSection
EndGlobal
